
Microsoft Visual Studio Solution File, Format Version 12.00
# Visual Studio 15
VisualStudioVersion = 15.0.28307.168
MinimumVisualStudioVersion = 10.0.40219.1
Project("{FAE04EC0-301F-11D3-BF4B-00C04F79EFBC}") = "BibliotecaV4", "BibliotecaV4\BibliotecaV4.csproj", "{9811A619-1F19-40EA-9F08-3BFA5B7FCD31}"
EndProject
Global
	GlobalSection(SolutionConfigurationPlatforms) = preSolution
		Debug|Any CPU = Debug|Any CPU
		Release|Any CPU = Release|Any CPU
	EndGlobalSection
	GlobalSection(ProjectConfigurationPlatforms) = postSolution
		{9811A619-1F19-40EA-9F08-3BFA5B7FCD31}.Debug|Any CPU.ActiveCfg = Debug|Any CPU
		{9811A619-1F19-40EA-9F08-3BFA5B7FCD31}.Debug|Any CPU.Build.0 = Debug|Any CPU
		{9811A619-1F19-40EA-9F08-3BFA5B7FCD31}.Release|Any CPU.ActiveCfg = Release|Any CPU
		{9811A619-1F19-40EA-9F08-3BFA5B7FCD31}.Release|Any CPU.Build.0 = Release|Any CPU
	EndGlobalSection
	GlobalSection(SolutionProperties) = preSolution
		HideSolutionNode = FALSE
	EndGlobalSection
	GlobalSection(ExtensibilityGlobals) = postSolution
		SolutionGuid = {9DD65310-531C-4D42-B8FD-D6615F787147}
	EndGlobalSection
EndGlobal
